
Microsoft Visual Studio Solution File, Format Version 12.00
# Visual Studio Version 16
VisualStudioVersion = 16.0.29306.81
MinimumVisualStudioVersion = 10.0.40219.1
Project("{FAE04EC0-301F-11D3-BF4B-00C04F79EFBC}") = "Memento", "Memento\Memento.csproj", "{4F0B6BA5-BB5A-4FFF-B38E-C48E8EC22E94}"
EndProject
Project("{FAE04EC0-301F-11D3-BF4B-00C04F79EFBC}") = "DesignPatternFactory", "DesignPatterns\DesignPatternFactory.csproj", "{3B5F1416-60CE-4142-A14E-D017549C6288}"
EndProject
Project("{FAE04EC0-301F-11D3-BF4B-00C04F79EFBC}") = "DesignPatternStrategy", "DesignPatternStrategy\DesignPatternStrategy.csproj", "{72F859E5-85BB-487A-921E-37D959DE04C1}"
EndProject
Project("{FAE04EC0-301F-11D3-BF4B-00C04F79EFBC}") = "State", "State\State.csproj", "{CE407C0F-0CDD-4BA2-B8CB-63569E1638E7}"
EndProject
Project("{FAE04EC0-301F-11D3-BF4B-00C04F79EFBC}") = "Strategy", "Strategy\Strategy.csproj", "{EE5A1468-8EA8-4D34-B6DB-86CCCCC80A23}"
EndProject
Project("{FAE04EC0-301F-11D3-BF4B-00C04F79EFBC}") = "StrategyMosh", "StrategyMosh\StrategyMosh.csproj", "{6DC61CE3-8A06-4BAF-BB89-029C4AAF2766}"
EndProject
Project("{FAE04EC0-301F-11D3-BF4B-00C04F79EFBC}") = "Iterator", "Iterator\Iterator.csproj", "{D123C443-5464-4825-88CC-9A8D1F596BBD}"
EndProject
Project("{FAE04EC0-301F-11D3-BF4B-00C04F79EFBC}") = "TemplateMethod", "TemplateMethod\TemplateMethod.csproj", "{7B483AC1-F781-4536-99DB-63818BE68FC9}"
EndProject
Global
	GlobalSection(SolutionConfigurationPlatforms) = preSolution
		Debug|Any CPU = Debug|Any CPU
		Release|Any CPU = Release|Any CPU
	EndGlobalSection
	GlobalSection(ProjectConfigurationPlatforms) = postSolution
		{4F0B6BA5-BB5A-4FFF-B38E-C48E8EC22E94}.Debug|Any CPU.ActiveCfg = Debug|Any CPU
		{4F0B6BA5-BB5A-4FFF-B38E-C48E8EC22E94}.Debug|Any CPU.Build.0 = Debug|Any CPU
		{4F0B6BA5-BB5A-4FFF-B38E-C48E8EC22E94}.Release|Any CPU.ActiveCfg = Release|Any CPU
		{4F0B6BA5-BB5A-4FFF-B38E-C48E8EC22E94}.Release|Any CPU.Build.0 = Release|Any CPU
		{3B5F1416-60CE-4142-A14E-D017549C6288}.Debug|Any CPU.ActiveCfg = Debug|Any CPU
		{3B5F1416-60CE-4142-A14E-D017549C6288}.Debug|Any CPU.Build.0 = Debug|Any CPU
		{3B5F1416-60CE-4142-A14E-D017549C6288}.Release|Any CPU.ActiveCfg = Release|Any CPU
		{3B5F1416-60CE-4142-A14E-D017549C6288}.Release|Any CPU.Build.0 = Release|Any CPU
		{72F859E5-85BB-487A-921E-37D959DE04C1}.Debug|Any CPU.ActiveCfg = Debug|Any CPU
		{72F859E5-85BB-487A-921E-37D959DE04C1}.Debug|Any CPU.Build.0 = Debug|Any CPU
		{72F859E5-85BB-487A-921E-37D959DE04C1}.Release|Any CPU.ActiveCfg = Release|Any CPU
		{72F859E5-85BB-487A-921E-37D959DE04C1}.Release|Any CPU.Build.0 = Release|Any CPU
		{CE407C0F-0CDD-4BA2-B8CB-63569E1638E7}.Debug|Any CPU.ActiveCfg = Debug|Any CPU
		{CE407C0F-0CDD-4BA2-B8CB-63569E1638E7}.Debug|Any CPU.Build.0 = Debug|Any CPU
		{CE407C0F-0CDD-4BA2-B8CB-63569E1638E7}.Release|Any CPU.ActiveCfg = Release|Any CPU
		{CE407C0F-0CDD-4BA2-B8CB-63569E1638E7}.Release|Any CPU.Build.0 = Release|Any CPU
		{EE5A1468-8EA8-4D34-B6DB-86CCCCC80A23}.Debug|Any CPU.ActiveCfg = Debug|Any CPU
		{EE5A1468-8EA8-4D34-B6DB-86CCCCC80A23}.Debug|Any CPU.Build.0 = Debug|Any CPU
		{EE5A1468-8EA8-4D34-B6DB-86CCCCC80A23}.Release|Any CPU.ActiveCfg = Release|Any CPU
		{EE5A1468-8EA8-4D34-B6DB-86CCCCC80A23}.Release|Any CPU.Build.0 = Release|Any CPU
		{6DC61CE3-8A06-4BAF-BB89-029C4AAF2766}.Debug|Any CPU.ActiveCfg = Debug|Any CPU
		{6DC61CE3-8A06-4BAF-BB89-029C4AAF2766}.Debug|Any CPU.Build.0 = Debug|Any CPU
		{6DC61CE3-8A06-4BAF-BB89-029C4AAF2766}.Release|Any CPU.ActiveCfg = Release|Any CPU
		{6DC61CE3-8A06-4BAF-BB89-029C4AAF2766}.Release|Any CPU.Build.0 = Release|Any CPU
		{D123C443-5464-4825-88CC-9A8D1F596BBD}.Debug|Any CPU.ActiveCfg = Debug|Any CPU
		{D123C443-5464-4825-88CC-9A8D1F596BBD}.Debug|Any CPU.Build.0 = Debug|Any CPU
		{D123C443-5464-4825-88CC-9A8D1F596BBD}.Release|Any CPU.ActiveCfg = Release|Any CPU
		{D123C443-5464-4825-88CC-9A8D1F596BBD}.Release|Any CPU.Build.0 = Release|Any CPU
		{7B483AC1-F781-4536-99DB-63818BE68FC9}.Debug|Any CPU.ActiveCfg = Debug|Any CPU
		{7B483AC1-F781-4536-99DB-63818BE68FC9}.Debug|Any CPU.Build.0 = Debug|Any CPU
		{7B483AC1-F781-4536-99DB-63818BE68FC9}.Release|Any CPU.ActiveCfg = Release|Any CPU
		{7B483AC1-F781-4536-99DB-63818BE68FC9}.Release|Any CPU.Build.0 = Release|Any CPU
	EndGlobalSection
	GlobalSection(SolutionProperties) = preSolution
		HideSolutionNode = FALSE
	EndGlobalSection
	GlobalSection(ExtensibilityGlobals) = postSolution
		SolutionGuid = {04D9E557-8151-43A9-A3F4-4DAAEA1C92CE}
	EndGlobalSection
EndGlobal
